
Microsoft Visual Studio Solution File, Format Version 12.00
# Visual Studio Version 17
VisualStudioVersion = 17.12.35514.174 d17.12
MinimumVisualStudioVersion = 10.0.40219.1
Project("{FAE04EC0-301F-11D3-BF4B-00C04F79EFBC}") = "Reflector", "Reflector.csproj", "{7D959716-74F3-4C60-A8C8-F4CFB52080E6}"
EndProject
Project("{FAE04EC0-301F-11D3-BF4B-00C04F79EFBC}") = "Reflector.Tests", "..\Reflector.Tests\Reflector.Tests.csproj", "{6AD71A9B-F846-41DB-922A-1C7E1C92B1AF}"
EndProject
Global
	GlobalSection(SolutionConfigurationPlatforms) = preSolution
		Debug|Any CPU = Debug|Any CPU
		Release|Any CPU = Release|Any CPU
	EndGlobalSection
	GlobalSection(ProjectConfigurationPlatforms) = postSolution
		{7D959716-74F3-4C60-A8C8-F4CFB52080E6}.Debug|Any CPU.ActiveCfg = Debug|Any CPU
		{7D959716-74F3-4C60-A8C8-F4CFB52080E6}.Debug|Any CPU.Build.0 = Debug|Any CPU
		{7D959716-74F3-4C60-A8C8-F4CFB52080E6}.Release|Any CPU.ActiveCfg = Release|Any CPU
		{7D959716-74F3-4C60-A8C8-F4CFB52080E6}.Release|Any CPU.Build.0 = Release|Any CPU
		{6AD71A9B-F846-41DB-922A-1C7E1C92B1AF}.Debug|Any CPU.ActiveCfg = Debug|Any CPU
		{6AD71A9B-F846-41DB-922A-1C7E1C92B1AF}.Debug|Any CPU.Build.0 = Debug|Any CPU
		{6AD71A9B-F846-41DB-922A-1C7E1C92B1AF}.Release|Any CPU.ActiveCfg = Release|Any CPU
		{6AD71A9B-F846-41DB-922A-1C7E1C92B1AF}.Release|Any CPU.Build.0 = Release|Any CPU
	EndGlobalSection
	GlobalSection(SolutionProperties) = preSolution
		HideSolutionNode = FALSE
	EndGlobalSection
EndGlobal
