
Microsoft Visual Studio Solution File, Format Version 12.00
# Visual Studio Version 17
VisualStudioVersion = 17.9.34622.214
MinimumVisualStudioVersion = 10.0.40219.1
Project("{FAE04EC0-301F-11D3-BF4B-00C04F79EFBC}") = "SimpleFTPClient", "SimpleFTPClient.csproj", "{A80A9ABE-52C6-40F6-BE9B-46437F3D95F3}"
EndProject
Global
	GlobalSection(SolutionConfigurationPlatforms) = preSolution
		Debug|Any CPU = Debug|Any CPU
		Release|Any CPU = Release|Any CPU
	EndGlobalSection
	GlobalSection(ProjectConfigurationPlatforms) = postSolution
		{A80A9ABE-52C6-40F6-BE9B-46437F3D95F3}.Debug|Any CPU.ActiveCfg = Debug|Any CPU
		{A80A9ABE-52C6-40F6-BE9B-46437F3D95F3}.Debug|Any CPU.Build.0 = Debug|Any CPU
		{A80A9ABE-52C6-40F6-BE9B-46437F3D95F3}.Release|Any CPU.ActiveCfg = Release|Any CPU
		{A80A9ABE-52C6-40F6-BE9B-46437F3D95F3}.Release|Any CPU.Build.0 = Release|Any CPU
	EndGlobalSection
	GlobalSection(SolutionProperties) = preSolution
		HideSolutionNode = FALSE
	EndGlobalSection
	GlobalSection(ExtensibilityGlobals) = postSolution
		SolutionGuid = {0A0B2501-855A-4DCC-A41F-0C5873C0BFB1}
	EndGlobalSection
EndGlobal
