
Microsoft Visual Studio Solution File, Format Version 12.00
# Visual Studio Version 17
VisualStudioVersion = 17.9.34622.214
MinimumVisualStudioVersion = 10.0.40219.1
Project("{9A19103F-16F7-4668-BE54-9A1E7A4F7556}") = "MyThreadPool", "MyThreadPool.csproj", "{8AB934C5-A9AB-471B-9BF1-8AA882B99D5C}"
EndProject
Project("{FAE04EC0-301F-11D3-BF4B-00C04F79EFBC}") = "MyThreadPool.Tests", "..\MyThreadPool.Tests\MyThreadPool.Tests.csproj", "{9923C4FD-0262-4FF8-9174-1386C322CB51}"
EndProject
Global
	GlobalSection(SolutionConfigurationPlatforms) = preSolution
		Debug|Any CPU = Debug|Any CPU
		Release|Any CPU = Release|Any CPU
	EndGlobalSection
	GlobalSection(ProjectConfigurationPlatforms) = postSolution
		{8AB934C5-A9AB-471B-9BF1-8AA882B99D5C}.Debug|Any CPU.ActiveCfg = Debug|Any CPU
		{8AB934C5-A9AB-471B-9BF1-8AA882B99D5C}.Debug|Any CPU.Build.0 = Debug|Any CPU
		{8AB934C5-A9AB-471B-9BF1-8AA882B99D5C}.Release|Any CPU.ActiveCfg = Release|Any CPU
		{8AB934C5-A9AB-471B-9BF1-8AA882B99D5C}.Release|Any CPU.Build.0 = Release|Any CPU
		{9923C4FD-0262-4FF8-9174-1386C322CB51}.Debug|Any CPU.ActiveCfg = Debug|Any CPU
		{9923C4FD-0262-4FF8-9174-1386C322CB51}.Debug|Any CPU.Build.0 = Debug|Any CPU
		{9923C4FD-0262-4FF8-9174-1386C322CB51}.Release|Any CPU.ActiveCfg = Release|Any CPU
		{9923C4FD-0262-4FF8-9174-1386C322CB51}.Release|Any CPU.Build.0 = Release|Any CPU
	EndGlobalSection
	GlobalSection(SolutionProperties) = preSolution
		HideSolutionNode = FALSE
	EndGlobalSection
	GlobalSection(ExtensibilityGlobals) = postSolution
		SolutionGuid = {69037692-2CB6-4BEE-8AE5-6040E890367A}
	EndGlobalSection
EndGlobal
